// !$*UTF8*$!
{
	archiveVersion = 1;
	classes = {
	};
	objectVersion = 56;
	objects = {

/* Begin PBXBuildFile section */
		2EEFD3E882C167BEB6C81C20 /* Pods_SingleApp_Swift.framework in Frameworks */ = {isa = PBXBuildFile; fileRef = EA7EAB2B0FBEB1361FBE2072 /* Pods_SingleApp_Swift.framework */; };
		47D00EA92992ADBC00E7E2A5 /* AppDelegate.swift in Sources */ = {isa = PBXBuildFile; fileRef = 47D00EA82992ADBC00E7E2A5 /* AppDelegate.swift */; };
		47D00EAB2992ADBC00E7E2A5 /* SceneDelegate.swift in Sources */ = {isa = PBXBuildFile; fileRef = 47D00EAA2992ADBC00E7E2A5 /* SceneDelegate.swift */; };
		47D00EAD2992ADBC00E7E2A5 /* ViewController.swift in Sources */ = {isa = PBXBuildFile; fileRef = 47D00EAC2992ADBC00E7E2A5 /* ViewController.swift */; };
		47D00EB22992ADBC00E7E2A5 /* Assets.xcassets in Resources */ = {isa = PBXBuildFile; fileRef = 47D00EB12992ADBC00E7E2A5 /* Assets.xcassets */; };
		47D00EB52992ADBC00E7E2A5 /* LaunchScreen.storyboard in Resources */ = {isa = PBXBuildFile; fileRef = 47D00EB32992ADBC00E7E2A5 /* LaunchScreen.storyboard */; };
		47D00EBD2993E13A00E7E2A5 /* icon.bundle in Resources */ = {isa = PBXBuildFile; fileRef = 47D00EBC2993E13A00E7E2A5 /* icon.bundle */; };
		47D00EC129953A1500E7E2A5 /* VideoViewController.swift in Sources */ = {isa = PBXBuildFile; fileRef = 47D00EC029953A1500E7E2A5 /* VideoViewController.swift */; };
		47D00EC3299540C300E7E2A5 /* RecommendViewController.swift in Sources */ = {isa = PBXBuildFile; fileRef = 47D00EC2299540C300E7E2A5 /* RecommendViewController.swift */; };
		47D00EDB2998B81C00E7E2A5 /* NormalTableViewCell.swift in Sources */ = {isa = PBXBuildFile; fileRef = 47D00EDA2998B81C00E7E2A5 /* NormalTableViewCell.swift */; };
		47D00EDD2998CCF300E7E2A5 /* DetailViewController.swift in Sources */ = {isa = PBXBuildFile; fileRef = 47D00EDC2998CCF300E7E2A5 /* DetailViewController.swift */; };
/* End PBXBuildFile section */

/* Begin PBXFileReference section */
		1159D2B228E172D27B142B54 /* Pods-SingleApp_Swift.debug.xcconfig */ = {isa = PBXFileReference; includeInIndex = 1; lastKnownFileType = text.xcconfig; name = "Pods-SingleApp_Swift.debug.xcconfig"; path = "Target Support Files/Pods-SingleApp_Swift/Pods-SingleApp_Swift.debug.xcconfig"; sourceTree = "<group>"; };
		47D00EA52992ADBC00E7E2A5 /* SingleApp_Swift.app */ = {isa = PBXFileReference; explicitFileType = wrapper.application; includeInIndex = 0; path = SingleApp_Swift.app; sourceTree = BUILT_PRODUCTS_DIR; };
		47D00EA82992ADBC00E7E2A5 /* AppDelegate.swift */ = {isa = PBXFileReference; lastKnownFileType = sourcecode.swift; path = AppDelegate.swift; sourceTree = "<group>"; };
		47D00EAA2992ADBC00E7E2A5 /* SceneDelegate.swift */ = {isa = PBXFileReference; lastKnownFileType = sourcecode.swift; path = SceneDelegate.swift; sourceTree = "<group>"; };
		47D00EAC2992ADBC00E7E2A5 /* ViewController.swift */ = {isa = PBXFileReference; lastKnownFileType = sourcecode.swift; path = ViewController.swift; sourceTree = "<group>"; };
		47D00EB12992ADBC00E7E2A5 /* Assets.xcassets */ = {isa = PBXFileReference; lastKnownFileType = folder.assetcatalog; path = Assets.xcassets; sourceTree = "<group>"; };
		47D00EB42992ADBC00E7E2A5 /* Base */ = {isa = PBXFileReference; lastKnownFileType = file.storyboard; name = Base; path = Base.lproj/LaunchScreen.storyboard; sourceTree = "<group>"; };
		47D00EB62992ADBC00E7E2A5 /* Info.plist */ = {isa = PBXFileReference; lastKnownFileType = text.plist.xml; path = Info.plist; sourceTree = "<group>"; };
		47D00EBC2993E13A00E7E2A5 /* icon.bundle */ = {isa = PBXFileReference; lastKnownFileType = "wrapper.plug-in"; path = icon.bundle; sourceTree = "<group>"; };
		47D00EC029953A1500E7E2A5 /* VideoViewController.swift */ = {isa = PBXFileReference; lastKnownFileType = sourcecode.swift; path = VideoViewController.swift; sourceTree = "<group>"; };
		47D00EC2299540C300E7E2A5 /* RecommendViewController.swift */ = {isa = PBXFileReference; lastKnownFileType = sourcecode.swift; path = RecommendViewController.swift; sourceTree = "<group>"; };
		47D00EDA2998B81C00E7E2A5 /* NormalTableViewCell.swift */ = {isa = PBXFileReference; lastKnownFileType = sourcecode.swift; path = NormalTableViewCell.swift; sourceTree = "<group>"; };
		47D00EDC2998CCF300E7E2A5 /* DetailViewController.swift */ = {isa = PBXFileReference; lastKnownFileType = sourcecode.swift; path = DetailViewController.swift; sourceTree = "<group>"; };
		94BC98B86630F817705BD522 /* Pods-SingleApp_Swift.release.xcconfig */ = {isa = PBXFileReference; includeInIndex = 1; lastKnownFileType = text.xcconfig; name = "Pods-SingleApp_Swift.release.xcconfig"; path = "Target Support Files/Pods-SingleApp_Swift/Pods-SingleApp_Swift.release.xcconfig"; sourceTree = "<group>"; };
		EA7EAB2B0FBEB1361FBE2072 /* Pods_SingleApp_Swift.framework */ = {isa = PBXFileReference; explicitFileType = wrapper.framework; includeInIndex = 0; path = Pods_SingleApp_Swift.framework; sourceTree = BUILT_PRODUCTS_DIR; };
/* End PBXFileReference section */

/* Begin PBXFrameworksBuildPhase section */
		47D00EA22992ADBC00E7E2A5 /* Frameworks */ = {
			isa = PBXFrameworksBuildPhase;
			buildActionMask = 2147483647;
			files = (
				2EEFD3E882C167BEB6C81C20 /* Pods_SingleApp_Swift.framework in Frameworks */,
			);
			runOnlyForDeploymentPostprocessing = 0;
		};
/* End PBXFrameworksBuildPhase section */

/* Begin PBXGroup section */
		47D00E9C2992ADBC00E7E2A5 = {
			isa = PBXGroup;
			children = (
				47D00EA72992ADBC00E7E2A5 /* SingleApp_Swift */,
				47D00EA62992ADBC00E7E2A5 /* Products */,
				D7AC054F440A9C562B7BDC57 /* Pods */,
				7B34859E1B5D5610E1BED873 /* Frameworks */,
			);
			sourceTree = "<group>";
		};
		47D00EA62992ADBC00E7E2A5 /* Products */ = {
			isa = PBXGroup;
			children = (
				47D00EA52992ADBC00E7E2A5 /* SingleApp_Swift.app */,
			);
			name = Products;
			sourceTree = "<group>";
		};
		47D00EA72992ADBC00E7E2A5 /* SingleApp_Swift */ = {
			isa = PBXGroup;
			children = (
				47D00EBC2993E13A00E7E2A5 /* icon.bundle */,
				47D00EA82992ADBC00E7E2A5 /* AppDelegate.swift */,
				47D00EAA2992ADBC00E7E2A5 /* SceneDelegate.swift */,
				47D00EAC2992ADBC00E7E2A5 /* ViewController.swift */,
				47D00EB12992ADBC00E7E2A5 /* Assets.xcassets */,
				47D00EB32992ADBC00E7E2A5 /* LaunchScreen.storyboard */,
				47D00EB62992ADBC00E7E2A5 /* Info.plist */,
				47D00EC029953A1500E7E2A5 /* VideoViewController.swift */,
				47D00EC2299540C300E7E2A5 /* RecommendViewController.swift */,
				47D00EDA2998B81C00E7E2A5 /* NormalTableViewCell.swift */,
				47D00EDC2998CCF300E7E2A5 /* DetailViewController.swift */,
			);
			path = SingleApp_Swift;
			sourceTree = "<group>";
		};
		7B34859E1B5D5610E1BED873 /* Frameworks */ = {
			isa = PBXGroup;
			children = (
				EA7EAB2B0FBEB1361FBE2072 /* Pods_SingleApp_Swift.framework */,
			);
			name = Frameworks;
			sourceTree = "<group>";
		};
		D7AC054F440A9C562B7BDC57 /* Pods */ = {
			isa = PBXGroup;
			children = (
				1159D2B228E172D27B142B54 /* Pods-SingleApp_Swift.debug.xcconfig */,
				94BC98B86630F817705BD522 /* Pods-SingleApp_Swift.release.xcconfig */,
			);
			path = Pods;
			sourceTree = "<group>";
		};
/* End PBXGroup section */

/* Begin PBXNativeTarget section */
		47D00EA42992ADBC00E7E2A5 /* SingleApp_Swift */ = {
			isa = PBXNativeTarget;
			buildConfigurationList = 47D00EB92992ADBC00E7E2A5 /* Build configuration list for PBXNativeTarget "SingleApp_Swift" */;
			buildPhases = (
				1395F4A85FC493F72B2D0970 /* [CP] Check Pods Manifest.lock */,
				47D00EA12992ADBC00E7E2A5 /* Sources */,
				47D00EA22992ADBC00E7E2A5 /* Frameworks */,
				47D00EA32992ADBC00E7E2A5 /* Resources */,
				0A72234039485247C6C22C47 /* [CP] Embed Pods Frameworks */,
			);
			buildRules = (
			);
			dependencies = (
			);
			name = SingleApp_Swift;
			productName = SingleApp_Swift;
			productReference = 47D00EA52992ADBC00E7E2A5 /* SingleApp_Swift.app */;
			productType = "com.apple.product-type.application";
		};
/* End PBXNativeTarget section */

/* Begin PBXProject section */
		47D00E9D2992ADBC00E7E2A5 /* Project object */ = {
			isa = PBXProject;
			attributes = {
				BuildIndependentTargetsInParallel = 1;
				LastSwiftUpdateCheck = 1420;
				LastUpgradeCheck = 1420;
				TargetAttributes = {
					47D00EA42992ADBC00E7E2A5 = {
						CreatedOnToolsVersion = 14.2;
					};
				};
			};
			buildConfigurationList = 47D00EA02992ADBC00E7E2A5 /* Build configuration list for PBXProject "SingleApp_Swift" */;
			compatibilityVersion = "Xcode 14.0";
			developmentRegion = en;
			hasScannedForEncodings = 0;
			knownRegions = (
				en,
				Base,
			);
			mainGroup = 47D00E9C2992ADBC00E7E2A5;
			productRefGroup = 47D00EA62992ADBC00E7E2A5 /* Products */;
			projectDirPath = "";
			projectRoot = "";
			targets = (
				47D00EA42992ADBC00E7E2A5 /* SingleApp_Swift */,
			);
		};
/* End PBXProject section */

/* Begin PBXResourcesBuildPhase section */
		47D00EA32992ADBC00E7E2A5 /* Resources */ = {
			isa = PBXResourcesBuildPhase;
			buildActionMask = 2147483647;
			files = (
				47D00EB52992ADBC00E7E2A5 /* LaunchScreen.storyboard in Resources */,
				47D00EB22992ADBC00E7E2A5 /* Assets.xcassets in Resources */,
				47D00EBD2993E13A00E7E2A5 /* icon.bundle in Resources */,
			);
			runOnlyForDeploymentPostprocessing = 0;
		};
/* End PBXResourcesBuildPhase section */

/* Begin PBXShellScriptBuildPhase section */
		0A72234039485247C6C22C47 /* [CP] Embed Pods Frameworks */ = {
			isa = PBXShellScriptBuildPhase;
			buildActionMask = 2147483647;
			files = (
			);
			inputFileListPaths = (
				"${PODS_ROOT}/Target Support Files/Pods-SingleApp_Swift/Pods-SingleApp_Swift-frameworks-${CONFIGURATION}-input-files.xcfilelist",
			);
			name = "[CP] Embed Pods Frameworks";
			outputFileListPaths = (
				"${PODS_ROOT}/Target Support Files/Pods-SingleApp_Swift/Pods-SingleApp_Swift-frameworks-${CONFIGURATION}-output-files.xcfilelist",
			);
			runOnlyForDeploymentPostprocessing = 0;
			shellPath = /bin/sh;
			shellScript = "\"${PODS_ROOT}/Target Support Files/Pods-SingleApp_Swift/Pods-SingleApp_Swift-frameworks.sh\"\n";
			showEnvVarsInLog = 0;
		};
		1395F4A85FC493F72B2D0970 /* [CP] Check Pods Manifest.lock */ = {
			isa = PBXShellScriptBuildPhase;
			buildActionMask = 2147483647;
			files = (
			);
			inputFileListPaths = (
			);
			inputPaths = (
				"${PODS_PODFILE_DIR_PATH}/Podfile.lock",
				"${PODS_ROOT}/Manifest.lock",
			);
			name = "[CP] Check Pods Manifest.lock";
			outputFileListPaths = (
			);
			outputPaths = (
				"$(DERIVED_FILE_DIR)/Pods-SingleApp_Swift-checkManifestLockResult.txt",
			);
			runOnlyForDeploymentPostprocessing = 0;
			shellPath = /bin/sh;
			shellScript = "diff \"${PODS_PODFILE_DIR_PATH}/Podfile.lock\" \"${PODS_ROOT}/Manifest.lock\" > /dev/null\nif [ $? != 0 ] ; then\n    # print error to STDERR\n    echo \"error: The sandbox is not in sync with the Podfile.lock. Run 'pod install' or update your CocoaPods installation.\" >&2\n    exit 1\nfi\n# This output is used by Xcode 'outputs' to avoid re-running this script phase.\necho \"SUCCESS\" > \"${SCRIPT_OUTPUT_FILE_0}\"\n";
			showEnvVarsInLog = 0;
		};
/* End PBXShellScriptBuildPhase section */

/* Begin PBXSourcesBuildPhase section */
		47D00EA12992ADBC00E7E2A5 /* Sources */ = {
			isa = PBXSourcesBuildPhase;
			buildActionMask = 2147483647;
			files = (
				47D00EAD2992ADBC00E7E2A5 /* ViewController.swift in Sources */,
				47D00EA92992ADBC00E7E2A5 /* AppDelegate.swift in Sources */,
				47D00EC129953A1500E7E2A5 /* VideoViewController.swift in Sources */,
				47D00EAB2992ADBC00E7E2A5 /* SceneDelegate.swift in Sources */,
				47D00EDB2998B81C00E7E2A5 /* NormalTableViewCell.swift in Sources */,
				47D00EC3299540C300E7E2A5 /* RecommendViewController.swift in Sources */,
				47D00EDD2998CCF300E7E2A5 /* DetailViewController.swift in Sources */,
			);
			runOnlyForDeploymentPostprocessing = 0;
		};
/* End PBXSourcesBuildPhase section */

/* Begin PBXVariantGroup section */
		47D00EB32992ADBC00E7E2A5 /* LaunchScreen.storyboard */ = {
			isa = PBXVariantGroup;
			children = (
				47D00EB42992ADBC00E7E2A5 /* Base */,
			);
			name = LaunchScreen.storyboard;
			sourceTree = "<group>";
		};
/* End PBXVariantGroup section */

/* Begin XCBuildConfiguration section */
		47D00EB72992ADBC00E7E2A5 /* Debug */ = {
			isa = XCBuildConfiguration;
			buildSettings = {
				ALWAYS_SEARCH_USER_PATHS = NO;
				CLANG_ANALYZER_NONNULL = YES;
				CLANG_ANALYZER_NUMBER_OBJECT_CONVERSION = YES_AGGRESSIVE;
				CLANG_CXX_LANGUAGE_STANDARD = "gnu++20";
				CLANG_ENABLE_MODULES = YES;
				CLANG_ENABLE_OBJC_ARC = YES;
				CLANG_ENABLE_OBJC_WEAK = YES;
				CLANG_WARN_BLOCK_CAPTURE_AUTORELEASING = YES;
				CLANG_WARN_BOOL_CONVERSION = YES;
				CLANG_WARN_COMMA = YES;
				CLANG_WARN_CONSTANT_CONVERSION = YES;
				CLANG_WARN_DEPRECATED_OBJC_IMPLEMENTATIONS = YES;
				CLANG_WARN_DIRECT_OBJC_ISA_USAGE = YES_ERROR;
				CLANG_WARN_DOCUMENTATION_COMMENTS = YES;
				CLANG_WARN_EMPTY_BODY = YES;
				CLANG_WARN_ENUM_CONVERSION = YES;
				CLANG_WARN_INFINITE_RECURSION = YES;
				CLANG_WARN_INT_CONVERSION = YES;
				CLANG_WARN_NON_LITERAL_NULL_CONVERSION = YES;
				CLANG_WARN_OBJC_IMPLICIT_RETAIN_SELF = YES;
				CLANG_WARN_OBJC_LITERAL_CONVERSION = YES;
				CLANG_WARN_OBJC_ROOT_CLASS = YES_ERROR;
				CLANG_WARN_QUOTED_INCLUDE_IN_FRAMEWORK_HEADER = YES;
				CLANG_WARN_RANGE_LOOP_ANALYSIS = YES;
				CLANG_WARN_STRICT_PROTOTYPES = YES;
				CLANG_WARN_SUSPICIOUS_MOVE = YES;
				CLANG_WARN_UNGUARDED_AVAILABILITY = YES_AGGRESSIVE;
				CLANG_WARN_UNREACHABLE_CODE = YES;
				CLANG_WARN__DUPLICATE_METHOD_MATCH = YES;
				COPY_PHASE_STRIP = NO;
				DEBUG_INFORMATION_FORMAT = dwarf;
				ENABLE_STRICT_OBJC_MSGSEND = YES;
				ENABLE_TESTABILITY = YES;
				GCC_C_LANGUAGE_STANDARD = gnu11;
				GCC_DYNAMIC_NO_PIC = NO;
				GCC_NO_COMMON_BLOCKS = YES;
				GCC_OPTIMIZATION_LEVEL = 0;
				GCC_PREPROCESSOR_DEFINITIONS = (
					"DEBUG=1",
					"$(inherited)",
				);
				GCC_WARN_64_TO_32_BIT_CONVERSION = YES;
				GCC_WARN_ABOUT_RETURN_TYPE = YES_ERROR;
				GCC_WARN_UNDECLARED_SELECTOR = YES;
				GCC_WARN_UNINITIALIZED_AUTOS = YES_AGGRESSIVE;
				GCC_WARN_UNUSED_FUNCTION = YES;
				GCC_WARN_UNUSED_VARIABLE = YES;
				IPHONEOS_DEPLOYMENT_TARGET = 16.2;
				MTL_ENABLE_DEBUG_INFO = INCLUDE_SOURCE;
				MTL_FAST_MATH = YES;
				ONLY_ACTIVE_ARCH = YES;
				SDKROOT = iphoneos;
				SWIFT_ACTIVE_COMPILATION_CONDITIONS = DEBUG;
				SWIFT_OPTIMIZATION_LEVEL = "-Onone";
			};
			name = Debug;
		};
		47D00EB82992ADBC00E7E2A5 /* Release */ = {
			isa = XCBuildConfiguration;
			buildSettings = {
				ALWAYS_SEARCH_USER_PATHS = NO;
				CLANG_ANALYZER_NONNULL = YES;
				CLANG_ANALYZER_NUMBER_OBJECT_CONVERSION = YES_AGGRESSIVE;
				CLANG_CXX_LANGUAGE_STANDARD = "gnu++20";
				CLANG_ENABLE_MODULES = YES;
				CLANG_ENABLE_OBJC_ARC = YES;
				CLANG_ENABLE_OBJC_WEAK = YES;
				CLANG_WARN_BLOCK_CAPTURE_AUTORELEASING = YES;
				CLANG_WARN_BOOL_CONVERSION = YES;
				CLANG_WARN_COMMA = YES;
				CLANG_WARN_CONSTANT_CONVERSION = YES;
				CLANG_WARN_DEPRECATED_OBJC_IMPLEMENTATIONS = YES;
				CLANG_WARN_DIRECT_OBJC_ISA_USAGE = YES_ERROR;
				CLANG_WARN_DOCUMENTATION_COMMENTS = YES;
				CLANG_WARN_EMPTY_BODY = YES;
				CLANG_WARN_ENUM_CONVERSION = YES;
				CLANG_WARN_INFINITE_RECURSION = YES;
				CLANG_WARN_INT_CONVERSION = YES;
				CLANG_WARN_NON_LITERAL_NULL_CONVERSION = YES;
				CLANG_WARN_OBJC_IMPLICIT_RETAIN_SELF = YES;
				CLANG_WARN_OBJC_LITERAL_CONVERSION = YES;
				CLANG_WARN_OBJC_ROOT_CLASS = YES_ERROR;
				CLANG_WARN_QUOTED_INCLUDE_IN_FRAMEWORK_HEADER = YES;
				CLANG_WARN_RANGE_LOOP_ANALYSIS = YES;
				CLANG_WARN_STRICT_PROTOTYPES = YES;
				CLANG_WARN_SUSPICIOUS_MOVE = YES;
				CLANG_WARN_UNGUARDED_AVAILABILITY = YES_AGGRESSIVE;
				CLANG_WARN_UNREACHABLE_CODE = YES;
				CLANG_WARN__DUPLICATE_METHOD_MATCH = YES;
				COPY_PHASE_STRIP = NO;
				DEBUG_INFORMATION_FORMAT = "dwarf-with-dsym";
				ENABLE_NS_ASSERTIONS = NO;
				ENABLE_STRICT_OBJC_MSGSEND = YES;
				GCC_C_LANGUAGE_STANDARD = gnu11;
				GCC_NO_COMMON_BLOCKS = YES;
				GCC_WARN_64_TO_32_BIT_CONVERSION = YES;
				GCC_WARN_ABOUT_RETURN_TYPE = YES_ERROR;
				GCC_WARN_UNDECLARED_SELECTOR = YES;
				GCC_WARN_UNINITIALIZED_AUTOS = YES_AGGRESSIVE;
				GCC_WARN_UNUSED_FUNCTION = YES;
				GCC_WARN_UNUSED_VARIABLE = YES;
				IPHONEOS_DEPLOYMENT_TARGET = 16.2;
				MTL_ENABLE_DEBUG_INFO = NO;
				MTL_FAST_MATH = YES;
				SDKROOT = iphoneos;
				SWIFT_COMPILATION_MODE = wholemodule;
				SWIFT_OPTIMIZATION_LEVEL = "-O";
				VALIDATE_PRODUCT = YES;
			};
			name = Release;
		};
		47D00EBA2992ADBC00E7E2A5 /* Debug */ = {
			isa = XCBuildConfiguration;
			baseConfigurationReference = 1159D2B228E172D27B142B54 /* Pods-SingleApp_Swift.debug.xcconfig */;
			buildSettings = {
				ASSETCATALOG_COMPILER_APPICON_NAME = AppIcon;
				ASSETCATALOG_COMPILER_GLOBAL_ACCENT_COLOR_NAME = AccentColor;
				CODE_SIGN_STYLE = Automatic;
				CURRENT_PROJECT_VERSION = 1;
				DEVELOPMENT_TEAM = SZGMLVXUH2;
				GENERATE_INFOPLIST_FILE = YES;
				INFOPLIST_FILE = SingleApp_Swift/Info.plist;
				INFOPLIST_KEY_UIApplicationSupportsIndirectInputEvents = YES;
				INFOPLIST_KEY_UILaunchStoryboardName = LaunchScreen;
				INFOPLIST_KEY_UISupportedInterfaceOrientations_iPad = "UIInterfaceOrientationPortrait UIInterfaceOrientationPortraitUpsideDown UIInterfaceOrientationLandscapeLeft UIInterfaceOrientationLandscapeRight";
				INFOPLIST_KEY_UISupportedInterfaceOrientations_iPhone = "UIInterfaceOrientationPortrait UIInterfaceOrientationLandscapeLeft UIInterfaceOrientationLandscapeRight";
				LD_RUNPATH_SEARCH_PATHS = (
					"$(inherited)",
					"@executable_path/Frameworks",
				);
				MARKETING_VERSION = 1.0;
				PRODUCT_BUNDLE_IDENTIFIER = "com.liuruixuan.SingleApp-Swift";
				PRODUCT_NAME = "$(TARGET_NAME)";
				SWIFT_EMIT_LOC_STRINGS = YES;
				SWIFT_VERSION = 5.0;
				TARGETED_DEVICE_FAMILY = "1,2";
			};
			name = Debug;
		};
		47D00EBB2992ADBC00E7E2A5 /* Release */ = {
			isa = XCBuildConfiguration;
			baseConfigurationReference = 94BC98B86630F817705BD522 /* Pods-SingleApp_Swift.release.xcconfig */;
			buildSettings = {
				ASSETCATALOG_COMPILER_APPICON_NAME = AppIcon;
				ASSETCATALOG_COMPILER_GLOBAL_ACCENT_COLOR_NAME = AccentColor;
				CODE_SIGN_STYLE = Automatic;
				CURRENT_PROJECT_VERSION = 1;
				DEVELOPMENT_TEAM = SZGMLVXUH2;
				GENERATE_INFOPLIST_FILE = YES;
				INFOPLIST_FILE = SingleApp_Swift/Info.plist;
				INFOPLIST_KEY_UIApplicationSupportsIndirectInputEvents = YES;
				INFOPLIST_KEY_UILaunchStoryboardName = LaunchScreen;
				INFOPLIST_KEY_UISupportedInterfaceOrientations_iPad = "UIInterfaceOrientationPortrait UIInterfaceOrientationPortraitUpsideDown UIInterfaceOrientationLandscapeLeft UIInterfaceOrientationLandscapeRight";
				INFOPLIST_KEY_UISupportedInterfaceOrientations_iPhone = "UIInterfaceOrientationPortrait UIInterfaceOrientationLandscapeLeft UIInterfaceOrientationLandscapeRight";
				LD_RUNPATH_SEARCH_PATHS = (
					"$(inherited)",
					"@executable_path/Frameworks",
				);
				MARKETING_VERSION = 1.0;
				PRODUCT_BUNDLE_IDENTIFIER = "com.liuruixuan.SingleApp-Swift";
				PRODUCT_NAME = "$(TARGET_NAME)";
				SWIFT_EMIT_LOC_STRINGS = YES;
				SWIFT_VERSION = 5.0;
				TARGETED_DEVICE_FAMILY = "1,2";
			};
			name = Release;
		};
/* End XCBuildConfiguration section */

/* Begin XCConfigurationList section */
		47D00EA02992ADBC00E7E2A5 /* Build configuration list for PBXProject "SingleApp_Swift" */ = {
			isa = XCConfigurationList;
			buildConfigurations = (
				47D00EB72992ADBC00E7E2A5 /* Debug */,
				47D00EB82992ADBC00E7E2A5 /* Release */,
			);
			defaultConfigurationIsVisible = 0;
			defaultConfigurationName = Release;
		};
		47D00EB92992ADBC00E7E2A5 /* Build configuration list for PBXNativeTarget "SingleApp_Swift" */ = {
			isa = XCConfigurationList;
			buildConfigurations = (
				47D00EBA2992ADBC00E7E2A5 /* Debug */,
				47D00EBB2992ADBC00E7E2A5 /* Release */,
			);
			defaultConfigurationIsVisible = 0;
			defaultConfigurationName = Release;
		};
/* End XCConfigurationList section */
	};
	rootObject = 47D00E9D2992ADBC00E7E2A5 /* Project object */;
}
